// !$*UTF8*$!
{
	archiveVersion = 1;
	classes = {
	};
	objectVersion = 46;
	objects = {

/* Begin PBXBuildFile section */
		20C30703EC783338271F318E /* Pods_12306foriPhone.framework in Frameworks */ = {isa = PBXBuildFile; fileRef = F636753D1B88E84D44EEF507 /* Pods_12306foriPhone.framework */; };
		540535841EFBB825001653E8 /* UILabel+WSScaleLabel.m in Sources */ = {isa = PBXBuildFile; fileRef = 540535831EFBB825001653E8 /* UILabel+WSScaleLabel.m */; };
		5405358A1EFBBC87001653E8 /* UIButton+WSScaleButton.m in Sources */ = {isa = PBXBuildFile; fileRef = 540535891EFBBC87001653E8 /* UIButton+WSScaleButton.m */; };
		5405358C1EFBC295001653E8 /* WSTrainSeatAlert.swift in Sources */ = {isa = PBXBuildFile; fileRef = 5405358B1EFBC295001653E8 /* WSTrainSeatAlert.swift */; };
		5426752B1EEBEE0100C2689F /* WSCalendarCollectionLayout.swift in Sources */ = {isa = PBXBuildFile; fileRef = 542675241EEBEE0100C2689F /* WSCalendarCollectionLayout.swift */; };
		5426752C1EEBEE0100C2689F /* WSCalendarConfig.swift in Sources */ = {isa = PBXBuildFile; fileRef = 542675251EEBEE0100C2689F /* WSCalendarConfig.swift */; };
		5426752D1EEBEE0100C2689F /* WSCalendarDate.swift in Sources */ = {isa = PBXBuildFile; fileRef = 542675261EEBEE0100C2689F /* WSCalendarDate.swift */; };
		5426752E1EEBEE0100C2689F /* WSCalendarItem.swift in Sources */ = {isa = PBXBuildFile; fileRef = 542675271EEBEE0100C2689F /* WSCalendarItem.swift */; };
		5426752F1EEBEE0100C2689F /* WSCalendarTool.swift in Sources */ = {isa = PBXBuildFile; fileRef = 542675281EEBEE0100C2689F /* WSCalendarTool.swift */; };
		542675301EEBEE0100C2689F /* WSCalendarView.swift in Sources */ = {isa = PBXBuildFile; fileRef = 542675291EEBEE0100C2689F /* WSCalendarView.swift */; };
		542675311EEBEE0100C2689F /* WSCalendarViewModule.swift in Sources */ = {isa = PBXBuildFile; fileRef = 5426752A1EEBEE0100C2689F /* WSCalendarViewModule.swift */; };
		543B43581ED4111600230567 /* WSSearchStationController.swift in Sources */ = {isa = PBXBuildFile; fileRef = 543B43571ED4111600230567 /* WSSearchStationController.swift */; };
		543B435C1ED53BEE00230567 /* WSCalendarViewController.swift in Sources */ = {isa = PBXBuildFile; fileRef = 543B435A1ED53BEE00230567 /* WSCalendarViewController.swift */; };
		543B435D1ED53BEE00230567 /* WSCalendarViewController.xib in Resources */ = {isa = PBXBuildFile; fileRef = 543B435B1ED53BEE00230567 /* WSCalendarViewController.xib */; };
		543B435F1ED5689B00230567 /* WSCalendarHeaderView.swift in Sources */ = {isa = PBXBuildFile; fileRef = 543B435E1ED5689B00230567 /* WSCalendarHeaderView.swift */; };
		543B43641ED56C3500230567 /* WSCalendarHeaderCell.swift in Sources */ = {isa = PBXBuildFile; fileRef = 543B43621ED56C3500230567 /* WSCalendarHeaderCell.swift */; };
		543B43651ED56C3500230567 /* WSCalendarHeaderCell.xib in Resources */ = {isa = PBXBuildFile; fileRef = 543B43631ED56C3500230567 /* WSCalendarHeaderCell.xib */; };
		543B6A8B1EF1199600E412D7 /* WSDateTool.swift in Sources */ = {isa = PBXBuildFile; fileRef = 543B6A8A1EF1199600E412D7 /* WSDateTool.swift */; };
		543E48631DBCF5C900AB9D08 /* AppDelegate.swift in Sources */ = {isa = PBXBuildFile; fileRef = 543E48621DBCF5C900AB9D08 /* AppDelegate.swift */; };
		543E486A1DBCF5C900AB9D08 /* Assets.xcassets in Resources */ = {isa = PBXBuildFile; fileRef = 543E48691DBCF5C900AB9D08 /* Assets.xcassets */; };
		543E486D1DBCF5C900AB9D08 /* LaunchScreen.storyboard in Resources */ = {isa = PBXBuildFile; fileRef = 543E486B1DBCF5C900AB9D08 /* LaunchScreen.storyboard */; };
		543E48771DBCF5F500AB9D08 /* WSOrderController.swift in Sources */ = {isa = PBXBuildFile; fileRef = 543E48751DBCF5F500AB9D08 /* WSOrderController.swift */; };
		543E48781DBCF5F500AB9D08 /* WSTabBarController.swift in Sources */ = {isa = PBXBuildFile; fileRef = 543E48761DBCF5F500AB9D08 /* WSTabBarController.swift */; };
		543E487D1DBCF60A00AB9D08 /* WSLogin.swift in Sources */ = {isa = PBXBuildFile; fileRef = 543E487A1DBCF60A00AB9D08 /* WSLogin.swift */; };
		543E487E1DBCF60A00AB9D08 /* WSLoginController.swift in Sources */ = {isa = PBXBuildFile; fileRef = 543E487B1DBCF60A00AB9D08 /* WSLoginController.swift */; };
		543E487F1DBCF60A00AB9D08 /* WSLoginController.xib in Resources */ = {isa = PBXBuildFile; fileRef = 543E487C1DBCF60A00AB9D08 /* WSLoginController.xib */; };
		543E48851DBCF64400AB9D08 /* WSNavigationController.swift in Sources */ = {isa = PBXBuildFile; fileRef = 543E48841DBCF64400AB9D08 /* WSNavigationController.swift */; };
		543E48891DBCF65900AB9D08 /* WSService.swift in Sources */ = {isa = PBXBuildFile; fileRef = 543E48871DBCF65900AB9D08 /* WSService.swift */; };
		543E488A1DBCF65900AB9D08 /* WSService+login.swift in Sources */ = {isa = PBXBuildFile; fileRef = 543E48881DBCF65900AB9D08 /* WSService+login.swift */; };
		543E488D1DBCF67C00AB9D08 /* srca.cer in Resources */ = {isa = PBXBuildFile; fileRef = 543E488C1DBCF67C00AB9D08 /* srca.cer */; };
		5442F8F21ECD80F900D236D0 /* WSServiceError.swift in Sources */ = {isa = PBXBuildFile; fileRef = 5442F8F11ECD80F900D236D0 /* WSServiceError.swift */; };
		5442F8F51ECDA3A400D236D0 /* WSUserModule.swift in Sources */ = {isa = PBXBuildFile; fileRef = 5442F8F41ECDA3A400D236D0 /* WSUserModule.swift */; };
		5442F8F71ECDABAD00D236D0 /* WSPassengerDTO.swift in Sources */ = {isa = PBXBuildFile; fileRef = 5442F8F61ECDABAD00D236D0 /* WSPassengerDTO.swift */; };
		5442F8F91ECDAE1000D236D0 /* WSService+Order.swift in Sources */ = {isa = PBXBuildFile; fileRef = 5442F8F81ECDAE1000D236D0 /* WSService+Order.swift */; };
		5442F8FB1ECE9E9800D236D0 /* WSHub.swift in Sources */ = {isa = PBXBuildFile; fileRef = 5442F8FA1ECE9E9800D236D0 /* WSHub.swift */; };
		5442F9261ECEEDAF00D236D0 /* NVActivityIndicatorAnimationAudioEqualizer.swift in Sources */ = {isa = PBXBuildFile; fileRef = 5442F8FF1ECEEDAF00D236D0 /* NVActivityIndicatorAnimationAudioEqualizer.swift */; };
		5442F9271ECEEDAF00D236D0 /* NVActivityIndicatorAnimationBallBeat.swift in Sources */ = {isa = PBXBuildFile; fileRef = 5442F9001ECEEDAF00D236D0 /* NVActivityIndicatorAnimationBallBeat.swift */; };
		5442F9281ECEEDAF00D236D0 /* NVActivityIndicatorAnimationBallClipRotate.swift in Sources */ = {isa = PBXBuildFile; fileRef = 5442F9011ECEEDAF00D236D0 /* NVActivityIndicatorAnimationBallClipRotate.swift */; };
		5442F9291ECEEDAF00D236D0 /* NVActivityIndicatorAnimationBallClipRotateMultiple.swift in Sources */ = {isa = PBXBuildFile; fileRef = 5442F9021ECEEDAF00D236D0 /* NVActivityIndicatorAnimationBallClipRotateMultiple.swift */; };
		5442F92A1ECEEDAF00D236D0 /* NVActivityIndicatorAnimationBallClipRotatePulse.swift in Sources */ = {isa = PBXBuildFile; fileRef = 5442F9031ECEEDAF00D236D0 /* NVActivityIndicatorAnimationBallClipRotatePulse.swift */; };
		5442F92B1ECEEDAF00D236D0 /* NVActivityIndicatorAnimationBallGridBeat.swift in Sources */ = {isa = PBXBuildFile; fileRef = 5442F9041ECEEDAF00D236D0 /* NVActivityIndicatorAnimationBallGridBeat.swift */; };
		5442F92C1ECEEDAF00D236D0 /* NVActivityIndicatorAnimationBallGridPulse.swift in Sources */ = {isa = PBXBuildFile; fileRef = 5442F9051ECEEDAF00D236D0 /* NVActivityIndicatorAnimationBallGridPulse.swift */; };
		5442F92D1ECEEDAF00D236D0 /* NVActivityIndicatorAnimationBallPulse.swift in Sources */ = {isa = PBXBuildFile; fileRef = 5442F9061ECEEDAF00D236D0 /* NVActivityIndicatorAnimationBallPulse.swift */; };
		5442F92E1ECEEDAF00D236D0 /* NVActivityIndicatorAnimationBallPulseRise.swift in Sources */ = {isa = PBXBuildFile; fileRef = 5442F9071ECEEDAF00D236D0 /* NVActivityIndicatorAnimationBallPulseRise.swift */; };
		5442F92F1ECEEDAF00D236D0 /* NVActivityIndicatorAnimationBallPulseSync.swift in Sources */ = {isa = PBXBuildFile; fileRef = 5442F9081ECEEDAF00D236D0 /* NVActivityIndicatorAnimationBallPulseSync.swift */; };
		5442F9301ECEEDAF00D236D0 /* NVActivityIndicatorAnimationBallRotate.swift in Sources */ = {isa = PBXBuildFile; fileRef = 5442F9091ECEEDAF00D236D0 /* NVActivityIndicatorAnimationBallRotate.swift */; };
		5442F9311ECEEDAF00D236D0 /* NVActivityIndicatorAnimationBallRotateChase.swift in Sources */ = {isa = PBXBuildFile; fileRef = 5442F90A1ECEEDAF00D236D0 /* NVActivityIndicatorAnimationBallRotateChase.swift */; };
		5442F9321ECEEDAF00D236D0 /* NVActivityIndicatorAnimationBallScale.swift in Sources */ = {isa = PBXBuildFile; fileRef = 5442F90B1ECEEDAF00D236D0 /* NVActivityIndicatorAnimationBallScale.swift */; };
		5442F9331ECEEDAF00D236D0 /* NVActivityIndicatorAnimationBallScaleMultiple.swift in Sources */ = {isa = PBXBuildFile; fileRef = 5442F90C1ECEEDAF00D236D0 /* NVActivityIndicatorAnimationBallScaleMultiple.swift */; };
		5442F9341ECEEDAF00D236D0 /* NVActivityIndicatorAnimationBallScaleRipple.swift in Sources */ = {isa = PBXBuildFile; fileRef = 5442F90D1ECEEDAF00D236D0 /* NVActivityIndicatorAnimationBallScaleRipple.swift */; };
		5442F9351ECEEDAF00D236D0 /* NVActivityIndicatorAnimationBallScaleRippleMultiple.swift in Sources */ = {isa = PBXBuildFile; fileRef = 5442F90E1ECEEDAF00D236D0 /* NVActivityIndicatorAnimationBallScaleRippleMultiple.swift */; };
		5442F9361ECEEDAF00D236D0 /* NVActivityIndicatorAnimationBallSpinFadeLoader.swift in Sources */ = {isa = PBXBuildFile; fileRef = 5442F90F1ECEEDAF00D236D0 /* NVActivityIndicatorAnimationBallSpinFadeLoader.swift */; };
		5442F9371ECEEDAF00D236D0 /* NVActivityIndicatorAnimationBallTrianglePath.swift in Sources */ = {isa = PBXBuildFile; fileRef = 5442F9101ECEEDAF00D236D0 /* NVActivityIndicatorAnimationBallTrianglePath.swift */; };
		5442F9381ECEEDAF00D236D0 /* NVActivityIndicatorAnimationBallZigZag.swift in Sources */ = {isa = PBXBuildFile; fileRef = 5442F9111ECEEDAF00D236D0 /* NVActivityIndicatorAnimationBallZigZag.swift */; };
		5442F9391ECEEDAF00D236D0 /* NVActivityIndicatorAnimationBallZigZagDeflect.swift in Sources */ = {isa = PBXBuildFile; fileRef = 5442F9121ECEEDAF00D236D0 /* NVActivityIndicatorAnimationBallZigZagDeflect.swift */; };
		5442F93A1ECEEDAF00D236D0 /* NVActivityIndicatorAnimationBlank.swift in Sources */ = {isa = PBXBuildFile; fileRef = 5442F9131ECEEDAF00D236D0 /* NVActivityIndicatorAnimationBlank.swift */; };
		5442F93B1ECEEDAF00D236D0 /* NVActivityIndicatorAnimationCubeTransition.swift in Sources */ = {isa = PBXBuildFile; fileRef = 5442F9141ECEEDAF00D236D0 /* NVActivityIndicatorAnimationCubeTransition.swift */; };
		5442F93C1ECEEDAF00D236D0 /* NVActivityIndicatorAnimationLineScale.swift in Sources */ = {isa = PBXBuildFile; fileRef = 5442F9151ECEEDAF00D236D0 /* NVActivityIndicatorAnimationLineScale.swift */; };
		5442F93D1ECEEDAF00D236D0 /* NVActivityIndicatorAnimationLineScaleParty.swift in Sources */ = {isa = PBXBuildFile; fileRef = 5442F9161ECEEDAF00D236D0 /* NVActivityIndicatorAnimationLineScaleParty.swift */; };
		5442F93E1ECEEDAF00D236D0 /* NVActivityIndicatorAnimationLineScalePulseOut.swift in Sources */ = {isa = PBXBuildFile; fileRef = 5442F9171ECEEDAF00D236D0 /* NVActivityIndicatorAnimationLineScalePulseOut.swift */; };
		5442F93F1ECEEDAF00D236D0 /* NVActivityIndicatorAnimationLineScalePulseOutRapid.swift in Sources */ = {isa = PBXBuildFile; fileRef = 5442F9181ECEEDAF00D236D0 /* NVActivityIndicatorAnimationLineScalePulseOutRapid.swift */; };
		5442F9401ECEEDAF00D236D0 /* NVActivityIndicatorAnimationLineSpinFadeLoader.swift in Sources */ = {isa = PBXBuildFile; fileRef = 5442F9191ECEEDAF00D236D0 /* NVActivityIndicatorAnimationLineSpinFadeLoader.swift */; };
		5442F9411ECEEDAF00D236D0 /* NVActivityIndicatorAnimationOrbit.swift in Sources */ = {isa = PBXBuildFile; fileRef = 5442F91A1ECEEDAF00D236D0 /* NVActivityIndicatorAnimationOrbit.swift */; };
		5442F9421ECEEDAF00D236D0 /* NVActivityIndicatorAnimationPacman.swift in Sources */ = {isa = PBXBuildFile; fileRef = 5442F91B1ECEEDAF00D236D0 /* NVActivityIndicatorAnimationPacman.swift */; };
		5442F9431ECEEDAF00D236D0 /* NVActivityIndicatorAnimationSemiCircleSpin.swift in Sources */ = {isa = PBXBuildFile; fileRef = 5442F91C1ECEEDAF00D236D0 /* NVActivityIndicatorAnimationSemiCircleSpin.swift */; };
		5442F9441ECEEDAF00D236D0 /* NVActivityIndicatorAnimationSquareSpin.swift in Sources */ = {isa = PBXBuildFile; fileRef = 5442F91D1ECEEDAF00D236D0 /* NVActivityIndicatorAnimationSquareSpin.swift */; };
		5442F9451ECEEDAF00D236D0 /* NVActivityIndicatorAnimationTriangleSkewSpin.swift in Sources */ = {isa = PBXBuildFile; fileRef = 5442F91E1ECEEDAF00D236D0 /* NVActivityIndicatorAnimationTriangleSkewSpin.swift */; };
		5442F9471ECEEDAF00D236D0 /* NVActivityIndicatorAnimationDelegate.swift in Sources */ = {isa = PBXBuildFile; fileRef = 5442F9201ECEEDAF00D236D0 /* NVActivityIndicatorAnimationDelegate.swift */; };
		5442F9481ECEEDAF00D236D0 /* NVActivityIndicatorPresenter.swift in Sources */ = {isa = PBXBuildFile; fileRef = 5442F9211ECEEDAF00D236D0 /* NVActivityIndicatorPresenter.swift */; };
		5442F9491ECEEDAF00D236D0 /* NVActivityIndicatorShape.swift in Sources */ = {isa = PBXBuildFile; fileRef = 5442F9221ECEEDAF00D236D0 /* NVActivityIndicatorShape.swift */; };
		5442F94A1ECEEDAF00D236D0 /* NVActivityIndicatorView.swift in Sources */ = {isa = PBXBuildFile; fileRef = 5442F9241ECEEDAF00D236D0 /* NVActivityIndicatorView.swift */; };
		5442F94B1ECEEDAF00D236D0 /* NVActivityIndicatorViewable.swift in Sources */ = {isa = PBXBuildFile; fileRef = 5442F9251ECEEDAF00D236D0 /* NVActivityIndicatorViewable.swift */; };
		5442F94F1ED2B9E200D236D0 /* WSConfig.swift in Sources */ = {isa = PBXBuildFile; fileRef = 5442F94E1ED2B9E200D236D0 /* WSConfig.swift */; };
		5442F9521ED2D28400D236D0 /* WSGrapTicketontroller.swift in Sources */ = {isa = PBXBuildFile; fileRef = 5442F9501ED2D28400D236D0 /* WSGrapTicketontroller.swift */; };
		5442F9531ED2D28400D236D0 /* WSGrapTicketontroller.xib in Resources */ = {isa = PBXBuildFile; fileRef = 5442F9511ED2D28400D236D0 /* WSGrapTicketontroller.xib */; };
		5442F9561ED2D90700D236D0 /* station_name.js in Resources */ = {isa = PBXBuildFile; fileRef = 5442F9551ED2D90700D236D0 /* station_name.js */; };
		5442F9581ED2D93100D236D0 /* WSStation.swift in Sources */ = {isa = PBXBuildFile; fileRef = 5442F9571ED2D93100D236D0 /* WSStation.swift */; };
		5442F95C1ED2DF7A00D236D0 /* WSStationController.swift in Sources */ = {isa = PBXBuildFile; fileRef = 5442F95B1ED2DF7A00D236D0 /* WSStationController.swift */; };
		5451D1101ED6B57600725F27 /* WSCalendarHeaderLayout.swift in Sources */ = {isa = PBXBuildFile; fileRef = 5451D10F1ED6B57600725F27 /* WSCalendarHeaderLayout.swift */; };
		545F72D51EEE6DF4005A122B /* WSTrainListViewController.swift in Sources */ = {isa = PBXBuildFile; fileRef = 545F72D31EEE6DF4005A122B /* WSTrainListViewController.swift */; };
		545F72D61EEE6DF4005A122B /* WSTrainListViewController.xib in Resources */ = {isa = PBXBuildFile; fileRef = 545F72D41EEE6DF4005A122B /* WSTrainListViewController.xib */; };
		545F72DA1EEE6E24005A122B /* WSTrainListHeaderView.swift in Sources */ = {isa = PBXBuildFile; fileRef = 545F72D91EEE6E24005A122B /* WSTrainListHeaderView.swift */; };
		545F72DC1EEE7304005A122B /* WSTrainListHeaderView.xib in Resources */ = {isa = PBXBuildFile; fileRef = 545F72DB1EEE7304005A122B /* WSTrainListHeaderView.xib */; };
		545F72DF1EEE9237005A122B /* WSTrainListCell.swift in Sources */ = {isa = PBXBuildFile; fileRef = 545F72DD1EEE9237005A122B /* WSTrainListCell.swift */; };
		545F72E01EEE9237005A122B /* WSTrainListCell.xib in Resources */ = {isa = PBXBuildFile; fileRef = 545F72DE1EEE9237005A122B /* WSTrainListCell.xib */; };
		545F72E31EEE9B5F005A122B /* WSTrainListModule.swift in Sources */ = {isa = PBXBuildFile; fileRef = 545F72E21EEE9B5F005A122B /* WSTrainListModule.swift */; };
		549D72C71EF0D6E70033F6A1 /* WSService+QueryTicket.swift in Sources */ = {isa = PBXBuildFile; fileRef = 549D72C61EF0D6E70033F6A1 /* WSService+QueryTicket.swift */; };
		549D72C91EF0D7910033F6A1 /* WSLeftTicketParam.swift in Sources */ = {isa = PBXBuildFile; fileRef = 549D72C81EF0D7910033F6A1 /* WSLeftTicketParam.swift */; };
		549D72CB1EF0D89C0033F6A1 /* WSQueryLeftNewDTO.swift in Sources */ = {isa = PBXBuildFile; fileRef = 549D72CA1EF0D89C0033F6A1 /* WSQueryLeftNewDTO.swift */; };
		549D72CE1EF0DA6D0033F6A1 /* WSTicketConstants.swift in Sources */ = {isa = PBXBuildFile; fileRef = 549D72CD1EF0DA6C0033F6A1 /* WSTicketConstants.swift */; };
		54B3321A1DC6249400796927 /* WSLoginRandomCodeView.swift in Sources */ = {isa = PBXBuildFile; fileRef = 54B332191DC6249400796927 /* WSLoginRandomCodeView.swift */; };
		54B3321C1DC627DB00796927 /* WSPassCoverView.swift in Sources */ = {isa = PBXBuildFile; fileRef = 54B3321B1DC627DB00796927 /* WSPassCoverView.swift */; };
		54D575101E59DBD500FA0E7C /* SwiftyRegex.swift in Sources */ = {isa = PBXBuildFile; fileRef = 54D5750F1E59DBD500FA0E7C /* SwiftyRegex.swift */; };
/* End PBXBuildFile section */

/* Begin PBXFileReference section */
		0FA04F8C4CA218F18B06F365 /* Pods-12306foriPhone.debug.xcconfig */ = {isa = PBXFileReference; includeInIndex = 1; lastKnownFileType = text.xcconfig; name = "Pods-12306foriPhone.debug.xcconfig"; path = "Pods/Target Support Files/Pods-12306foriPhone/Pods-12306foriPhone.debug.xcconfig"; sourceTree = "<group>"; };
		540535811EFBB824001653E8 /* 12306foriPhone-Bridging-Header.h */ = {isa = PBXFileReference; lastKnownFileType = sourcecode.c.h; path = "12306foriPhone-Bridging-Header.h"; sourceTree = "<group>"; };
		540535821EFBB825001653E8 /* UILabel+WSScaleLabel.h */ = {isa = PBXFileReference; fileEncoding = 4; lastKnownFileType = sourcecode.c.h; path = "UILabel+WSScaleLabel.h"; sourceTree = "<group>"; };
		540535831EFBB825001653E8 /* UILabel+WSScaleLabel.m */ = {isa = PBXFileReference; fileEncoding = 4; lastKnownFileType = sourcecode.c.objc; path = "UILabel+WSScaleLabel.m"; sourceTree = "<group>"; };
		540535881EFBBC87001653E8 /* UIButton+WSScaleButton.h */ = {isa = PBXFileReference; fileEncoding = 4; lastKnownFileType = sourcecode.c.h; path = "UIButton+WSScaleButton.h"; sourceTree = "<group>"; };
		540535891EFBBC87001653E8 /* UIButton+WSScaleButton.m */ = {isa = PBXFileReference; fileEncoding = 4; lastKnownFileType = sourcecode.c.objc; path = "UIButton+WSScaleButton.m"; sourceTree = "<group>"; };
		5405358B1EFBC295001653E8 /* WSTrainSeatAlert.swift */ = {isa = PBXFileReference; fileEncoding = 4; lastKnownFileType = sourcecode.swift; path = WSTrainSeatAlert.swift; sourceTree = "<group>"; };
		542675241EEBEE0100C2689F /* WSCalendarCollectionLayout.swift */ = {isa = PBXFileReference; fileEncoding = 4; lastKnownFileType = sourcecode.swift; path = WSCalendarCollectionLayout.swift; sourceTree = "<group>"; };
		542675251EEBEE0100C2689F /* WSCalendarConfig.swift */ = {isa = PBXFileReference; fileEncoding = 4; lastKnownFileType = sourcecode.swift; path = WSCalendarConfig.swift; sourceTree = "<group>"; };
		542675261EEBEE0100C2689F /* WSCalendarDate.swift */ = {isa = PBXFileReference; fileEncoding = 4; lastKnownFileType = sourcecode.swift; path = WSCalendarDate.swift; sourceTree = "<group>"; };
		542675271EEBEE0100C2689F /* WSCalendarItem.swift */ = {isa = PBXFileReference; fileEncoding = 4; lastKnownFileType = sourcecode.swift; path = WSCalendarItem.swift; sourceTree = "<group>"; };
		542675281EEBEE0100C2689F /* WSCalendarTool.swift */ = {isa = PBXFileReference; fileEncoding = 4; lastKnownFileType = sourcecode.swift; path = WSCalendarTool.swift; sourceTree = "<group>"; };
		542675291EEBEE0100C2689F /* WSCalendarView.swift */ = {isa = PBXFileReference; fileEncoding = 4; lastKnownFileType = sourcecode.swift; path = WSCalendarView.swift; sourceTree = "<group>"; };
		5426752A1EEBEE0100C2689F /* WSCalendarViewModule.swift */ = {isa = PBXFileReference; fileEncoding = 4; lastKnownFileType = sourcecode.swift; path = WSCalendarViewModule.swift; sourceTree = "<group>"; };
		543B43571ED4111600230567 /* WSSearchStationController.swift */ = {isa = PBXFileReference; fileEncoding = 4; lastKnownFileType = sourcecode.swift; path = WSSearchStationController.swift; sourceTree = "<group>"; };
		543B435A1ED53BEE00230567 /* WSCalendarViewController.swift */ = {isa = PBXFileReference; fileEncoding = 4; lastKnownFileType = sourcecode.swift; path = WSCalendarViewController.swift; sourceTree = "<group>"; };
		543B435B1ED53BEE00230567 /* WSCalendarViewController.xib */ = {isa = PBXFileReference; fileEncoding = 4; lastKnownFileType = file.xib; path = WSCalendarViewController.xib; sourceTree = "<group>"; };
		543B435E1ED5689B00230567 /* WSCalendarHeaderView.swift */ = {isa = PBXFileReference; fileEncoding = 4; lastKnownFileType = sourcecode.swift; path = WSCalendarHeaderView.swift; sourceTree = "<group>"; };
		543B43621ED56C3500230567 /* WSCalendarHeaderCell.swift */ = {isa = PBXFileReference; fileEncoding = 4; lastKnownFileType = sourcecode.swift; path = WSCalendarHeaderCell.swift; sourceTree = "<group>"; };
		543B43631ED56C3500230567 /* WSCalendarHeaderCell.xib */ = {isa = PBXFileReference; fileEncoding = 4; lastKnownFileType = file.xib; path = WSCalendarHeaderCell.xib; sourceTree = "<group>"; };
		543B6A8A1EF1199600E412D7 /* WSDateTool.swift */ = {isa = PBXFileReference; fileEncoding = 4; lastKnownFileType = sourcecode.swift; path = WSDateTool.swift; sourceTree = "<group>"; };
		543E485F1DBCF5C900AB9D08 /* 12306foriPhone.app */ = {isa = PBXFileReference; explicitFileType = wrapper.application; includeInIndex = 0; path = 12306foriPhone.app; sourceTree = BUILT_PRODUCTS_DIR; };
		543E48621DBCF5C900AB9D08 /* AppDelegate.swift */ = {isa = PBXFileReference; lastKnownFileType = sourcecode.swift; path = AppDelegate.swift; sourceTree = "<group>"; };
		543E48691DBCF5C900AB9D08 /* Assets.xcassets */ = {isa = PBXFileReference; lastKnownFileType = folder.assetcatalog; path = Assets.xcassets; sourceTree = "<group>"; };
		543E486C1DBCF5C900AB9D08 /* Base */ = {isa = PBXFileReference; lastKnownFileType = file.storyboard; name = Base; path = Base.lproj/LaunchScreen.storyboard; sourceTree = "<group>"; };
		543E486E1DBCF5C900AB9D08 /* Info.plist */ = {isa = PBXFileReference; lastKnownFileType = text.plist.xml; path = Info.plist; sourceTree = "<group>"; };
		543E48751DBCF5F500AB9D08 /* WSOrderController.swift */ = {isa = PBXFileReference; fileEncoding = 4; lastKnownFileType = sourcecode.swift; path = WSOrderController.swift; sourceTree = "<group>"; };
		543E48761DBCF5F500AB9D08 /* WSTabBarController.swift */ = {isa = PBXFileReference; fileEncoding = 4; lastKnownFileType = sourcecode.swift; path = WSTabBarController.swift; sourceTree = "<group>"; };
		543E487A1DBCF60A00AB9D08 /* WSLogin.swift */ = {isa = PBXFileReference; fileEncoding = 4; lastKnownFileType = sourcecode.swift; path = WSLogin.swift; sourceTree = "<group>"; };
		543E487B1DBCF60A00AB9D08 /* WSLoginController.swift */ = {isa = PBXFileReference; fileEncoding = 4; lastKnownFileType = sourcecode.swift; path = WSLoginController.swift; sourceTree = "<group>"; };
		543E487C1DBCF60A00AB9D08 /* WSLoginController.xib */ = {isa = PBXFileReference; fileEncoding = 4; lastKnownFileType = file.xib; path = WSLoginController.xib; sourceTree = "<group>"; };
		543E48841DBCF64400AB9D08 /* WSNavigationController.swift */ = {isa = PBXFileReference; fileEncoding = 4; lastKnownFileType = sourcecode.swift; path = WSNavigationController.swift; sourceTree = "<group>"; };
		543E48871DBCF65900AB9D08 /* WSService.swift */ = {isa = PBXFileReference; fileEncoding = 4; lastKnownFileType = sourcecode.swift; path = WSService.swift; sourceTree = "<group>"; };
		543E48881DBCF65900AB9D08 /* WSService+login.swift */ = {isa = PBXFileReference; fileEncoding = 4; lastKnownFileType = sourcecode.swift; path = "WSService+login.swift"; sourceTree = "<group>"; };
		543E488C1DBCF67C00AB9D08 /* srca.cer */ = {isa = PBXFileReference; lastKnownFileType = file; path = srca.cer; sourceTree = "<group>"; };
		5442F8F11ECD80F900D236D0 /* WSServiceError.swift */ = {isa = PBXFileReference; fileEncoding = 4; lastKnownFileType = sourcecode.swift; path = WSServiceError.swift; sourceTree = "<group>"; };
		5442F8F41ECDA3A400D236D0 /* WSUserModule.swift */ = {isa = PBXFileReference; fileEncoding = 4; lastKnownFileType = sourcecode.swift; path = WSUserModule.swift; sourceTree = "<group>"; };
		5442F8F61ECDABAD00D236D0 /* WSPassengerDTO.swift */ = {isa = PBXFileReference; fileEncoding = 4; lastKnownFileType = sourcecode.swift; path = WSPassengerDTO.swift; sourceTree = "<group>"; };
		5442F8F81ECDAE1000D236D0 /* WSService+Order.swift */ = {isa = PBXFileReference; fileEncoding = 4; lastKnownFileType = sourcecode.swift; path = "WSService+Order.swift"; sourceTree = "<group>"; };
		5442F8FA1ECE9E9800D236D0 /* WSHub.swift */ = {isa = PBXFileReference; fileEncoding = 4; lastKnownFileType = sourcecode.swift; path = WSHub.swift; sourceTree = "<group>"; };
		5442F8FF1ECEEDAF00D236D0 /* NVActivityIndicatorAnimationAudioEqualizer.swift */ = {isa = PBXFileReference; fileEncoding = 4; lastKnownFileType = sourcecode.swift; path = NVActivityIndicatorAnimationAudioEqualizer.swift; sourceTree = "<group>"; };
		5442F9001ECEEDAF00D236D0 /* NVActivityIndicatorAnimationBallBeat.swift */ = {isa = PBXFileReference; fileEncoding = 4; lastKnownFileType = sourcecode.swift; path = NVActivityIndicatorAnimationBallBeat.swift; sourceTree = "<group>"; };
		5442F9011ECEEDAF00D236D0 /* NVActivityIndicatorAnimationBallClipRotate.swift */ = {isa = PBXFileReference; fileEncoding = 4; lastKnownFileType = sourcecode.swift; path = NVActivityIndicatorAnimationBallClipRotate.swift; sourceTree = "<group>"; };
		5442F9021ECEEDAF00D236D0 /* NVActivityIndicatorAnimationBallClipRotateMultiple.swift */ = {isa = PBXFileReference; fileEncoding = 4; lastKnownFileType = sourcecode.swift; path = NVActivityIndicatorAnimationBallClipRotateMultiple.swift; sourceTree = "<group>"; };
		5442F9031ECEEDAF00D236D0 /* NVActivityIndicatorAnimationBallClipRotatePulse.swift */ = {isa = PBXFileReference; fileEncoding = 4; lastKnownFileType = sourcecode.swift; path = NVActivityIndicatorAnimationBallClipRotatePulse.swift; sourceTree = "<group>"; };
		5442F9041ECEEDAF00D236D0 /* NVActivityIndicatorAnimationBallGridBeat.swift */ = {isa = PBXFileReference; fileEncoding = 4; lastKnownFileType = sourcecode.swift; path = NVActivityIndicatorAnimationBallGridBeat.swift; sourceTree = "<group>"; };
		5442F9051ECEEDAF00D236D0 /* NVActivityIndicatorAnimationBallGridPulse.swift */ = {isa = PBXFileReference; fileEncoding = 4; lastKnownFileType = sourcecode.swift; path = NVActivityIndicatorAnimationBallGridPulse.swift; sourceTree = "<group>"; };
		5442F9061ECEEDAF00D236D0 /* NVActivityIndicatorAnimationBallPulse.swift */ = {isa = PBXFileReference; fileEncoding = 4; lastKnownFileType = sourcecode.swift; path = NVActivityIndicatorAnimationBallPulse.swift; sourceTree = "<group>"; };
		5442F9071ECEEDAF00D236D0 /* NVActivityIndicatorAnimationBallPulseRise.swift */ = {isa = PBXFileReference; fileEncoding = 4; lastKnownFileType = sourcecode.swift; path = NVActivityIndicatorAnimationBallPulseRise.swift; sourceTree = "<group>"; };
		5442F9081ECEEDAF00D236D0 /* NVActivityIndicatorAnimationBallPulseSync.swift */ = {isa = PBXFileReference; fileEncoding = 4; lastKnownFileType = sourcecode.swift; path = NVActivityIndicatorAnimationBallPulseSync.swift; sourceTree = "<group>"; };
		5442F9091ECEEDAF00D236D0 /* NVActivityIndicatorAnimationBallRotate.swift */ = {isa = PBXFileReference; fileEncoding = 4; lastKnownFileType = sourcecode.swift; path = NVActivityIndicatorAnimationBallRotate.swift; sourceTree = "<group>"; };
		5442F90A1ECEEDAF00D236D0 /* NVActivityIndicatorAnimationBallRotateChase.swift */ = {isa = PBXFileReference; fileEncoding = 4; lastKnownFileType = sourcecode.swift; path = NVActivityIndicatorAnimationBallRotateChase.swift; sourceTree = "<group>"; };
		5442F90B1ECEEDAF00D236D0 /* NVActivityIndicatorAnimationBallScale.swift */ = {isa = PBXFileReference; fileEncoding = 4; lastKnownFileType = sourcecode.swift; path = NVActivityIndicatorAnimationBallScale.swift; sourceTree = "<group>"; };
		5442F90C1ECEEDAF00D236D0 /* NVActivityIndicatorAnimationBallScaleMultiple.swift */ = {isa = PBXFileReference; fileEncoding = 4; lastKnownFileType = sourcecode.swift; path = NVActivityIndicatorAnimationBallScaleMultiple.swift; sourceTree = "<group>"; };
		5442F90D1ECEEDAF00D236D0 /* NVActivityIndicatorAnimationBallScaleRipple.swift */ = {isa = PBXFileReference; fileEncoding = 4; lastKnownFileType = sourcecode.swift; path = NVActivityIndicatorAnimationBallScaleRipple.swift; sourceTree = "<group>"; };
		5442F90E1ECEEDAF00D236D0 /* NVActivityIndicatorAnimationBallScaleRippleMultiple.swift */ = {isa = PBXFileReference; fileEncoding = 4; lastKnownFileType = sourcecode.swift; path = NVActivityIndicatorAnimationBallScaleRippleMultiple.swift; sourceTree = "<group>"; };
		5442F90F1ECEEDAF00D236D0 /* NVActivityIndicatorAnimationBallSpinFadeLoader.swift */ = {isa = PBXFileReference; fileEncoding = 4; lastKnownFileType = sourcecode.swift; path = NVActivityIndicatorAnimationBallSpinFadeLoader.swift; sourceTree = "<group>"; };
		5442F9101ECEEDAF00D236D0 /* NVActivityIndicatorAnimationBallTrianglePath.swift */ = {isa = PBXFileReference; fileEncoding = 4; lastKnownFileType = sourcecode.swift; path = NVActivityIndicatorAnimationBallTrianglePath.swift; sourceTree = "<group>"; };
		5442F9111ECEEDAF00D236D0 /* NVActivityIndicatorAnimationBallZigZag.swift */ = {isa = PBXFileReference; fileEncoding = 4; lastKnownFileType = sourcecode.swift; path = NVActivityIndicatorAnimationBallZigZag.swift; sourceTree = "<group>"; };
		5442F9121ECEEDAF00D236D0 /* NVActivityIndicatorAnimationBallZigZagDeflect.swift */ = {isa = PBXFileReference; fileEncoding = 4; lastKnownFileType = sourcecode.swift; path = NVActivityIndicatorAnimationBallZigZagDeflect.swift; sourceTree = "<group>"; };
		5442F9131ECEEDAF00D236D0 /* NVActivityIndicatorAnimationBlank.swift */ = {isa = PBXFileReference; fileEncoding = 4; lastKnownFileType = sourcecode.swift; path = NVActivityIndicatorAnimationBlank.swift; sourceTree = "<group>"; };
		5442F9141ECEEDAF00D236D0 /* NVActivityIndicatorAnimationCubeTransition.swift */ = {isa = PBXFileReference; fileEncoding = 4; lastKnownFileType = sourcecode.swift; path = NVActivityIndicatorAnimationCubeTransition.swift; sourceTree = "<group>"; };
		5442F9151ECEEDAF00D236D0 /* NVActivityIndicatorAnimationLineScale.swift */ = {isa = PBXFileReference; fileEncoding = 4; lastKnownFileType = sourcecode.swift; path = NVActivityIndicatorAnimationLineScale.swift; sourceTree = "<group>"; };
		5442F9161ECEEDAF00D236D0 /* NVActivityIndicatorAnimationLineScaleParty.swift */ = {isa = PBXFileReference; fileEncoding = 4; lastKnownFileType = sourcecode.swift; path = NVActivityIndicatorAnimationLineScaleParty.swift; sourceTree = "<group>"; };
		5442F9171ECEEDAF00D236D0 /* NVActivityIndicatorAnimationLineScalePulseOut.swift */ = {isa = PBXFileReference; fileEncoding = 4; lastKnownFileType = sourcecode.swift; path = NVActivityIndicatorAnimationLineScalePulseOut.swift; sourceTree = "<group>"; };
		5442F9181ECEEDAF00D236D0 /* NVActivityIndicatorAnimationLineScalePulseOutRapid.swift */ = {isa = PBXFileReference; fileEncoding = 4; lastKnownFileType = sourcecode.swift; path = NVActivityIndicatorAnimationLineScalePulseOutRapid.swift; sourceTree = "<group>"; };
		5442F9191ECEEDAF00D236D0 /* NVActivityIndicatorAnimationLineSpinFadeLoader.swift */ = {isa = PBXFileReference; fileEncoding = 4; lastKnownFileType = sourcecode.swift; path = NVActivityIndicatorAnimationLineSpinFadeLoader.swift; sourceTree = "<group>"; };
		5442F91A1ECEEDAF00D236D0 /* NVActivityIndicatorAnimationOrbit.swift */ = {isa = PBXFileReference; fileEncoding = 4; lastKnownFileType = sourcecode.swift; path = NVActivityIndicatorAnimationOrbit.swift; sourceTree = "<group>"; };
		5442F91B1ECEEDAF00D236D0 /* NVActivityIndicatorAnimationPacman.swift */ = {isa = PBXFileReference; fileEncoding = 4; lastKnownFileType = sourcecode.swift; path = NVActivityIndicatorAnimationPacman.swift; sourceTree = "<group>"; };
		5442F91C1ECEEDAF00D236D0 /* NVActivityIndicatorAnimationSemiCircleSpin.swift */ = {isa = PBXFileReference; fileEncoding = 4; lastKnownFileType = sourcecode.swift; path = NVActivityIndicatorAnimationSemiCircleSpin.swift; sourceTree = "<group>"; };
		5442F91D1ECEEDAF00D236D0 /* NVActivityIndicatorAnimationSquareSpin.swift */ = {isa = PBXFileReference; fileEncoding = 4; lastKnownFileType = sourcecode.swift; path = NVActivityIndicatorAnimationSquareSpin.swift; sourceTree = "<group>"; };
		5442F91E1ECEEDAF00D236D0 /* NVActivityIndicatorAnimationTriangleSkewSpin.swift */ = {isa = PBXFileReference; fileEncoding = 4; lastKnownFileType = sourcecode.swift; path = NVActivityIndicatorAnimationTriangleSkewSpin.swift; sourceTree = "<group>"; };
		5442F9201ECEEDAF00D236D0 /* NVActivityIndicatorAnimationDelegate.swift */ = {isa = PBXFileReference; fileEncoding = 4; lastKnownFileType = sourcecode.swift; path = NVActivityIndicatorAnimationDelegate.swift; sourceTree = "<group>"; };
		5442F9211ECEEDAF00D236D0 /* NVActivityIndicatorPresenter.swift */ = {isa = PBXFileReference; fileEncoding = 4; lastKnownFileType = sourcecode.swift; path = NVActivityIndicatorPresenter.swift; sourceTree = "<group>"; };
		5442F9221ECEEDAF00D236D0 /* NVActivityIndicatorShape.swift */ = {isa = PBXFileReference; fileEncoding = 4; lastKnownFileType = sourcecode.swift; path = NVActivityIndicatorShape.swift; sourceTree = "<group>"; };
		5442F9231ECEEDAF00D236D0 /* NVActivityIndicatorView.h */ = {isa = PBXFileReference; fileEncoding = 4; lastKnownFileType = sourcecode.c.h; path = NVActivityIndicatorView.h; sourceTree = "<group>"; };
		5442F9241ECEEDAF00D236D0 /* NVActivityIndicatorView.swift */ = {isa = PBXFileReference; fileEncoding = 4; lastKnownFileType = sourcecode.swift; path = NVActivityIndicatorView.swift; sourceTree = "<group>"; };
		5442F9251ECEEDAF00D236D0 /* NVActivityIndicatorViewable.swift */ = {isa = PBXFileReference; fileEncoding = 4; lastKnownFileType = sourcecode.swift; path = NVActivityIndicatorViewable.swift; sourceTree = "<group>"; };
		5442F94E1ED2B9E200D236D0 /* WSConfig.swift */ = {isa = PBXFileReference; fileEncoding = 4; lastKnownFileType = sourcecode.swift; path = WSConfig.swift; sourceTree = "<group>"; };
		5442F9501ED2D28400D236D0 /* WSGrapTicketontroller.swift */ = {isa = PBXFileReference; fileEncoding = 4; lastKnownFileType = sourcecode.swift; path = WSGrapTicketontroller.swift; sourceTree = "<group>"; };
		5442F9511ED2D28400D236D0 /* WSGrapTicketontroller.xib */ = {isa = PBXFileReference; fileEncoding = 4; lastKnownFileType = file.xib; path = WSGrapTicketontroller.xib; sourceTree = "<group>"; };
		5442F9551ED2D90700D236D0 /* station_name.js */ = {isa = PBXFileReference; fileEncoding = 4; lastKnownFileType = sourcecode.javascript; path = station_name.js; sourceTree = "<group>"; };
		5442F9571ED2D93100D236D0 /* WSStation.swift */ = {isa = PBXFileReference; fileEncoding = 4; lastKnownFileType = sourcecode.swift; path = WSStation.swift; sourceTree = "<group>"; };
		5442F95B1ED2DF7A00D236D0 /* WSStationController.swift */ = {isa = PBXFileReference; fileEncoding = 4; lastKnownFileType = sourcecode.swift; path = WSStationController.swift; sourceTree = "<group>"; };
		5451D10F1ED6B57600725F27 /* WSCalendarHeaderLayout.swift */ = {isa = PBXFileReference; fileEncoding = 4; lastKnownFileType = sourcecode.swift; path = WSCalendarHeaderLayout.swift; sourceTree = "<group>"; };
		545F72D31EEE6DF4005A122B /* WSTrainListViewController.swift */ = {isa = PBXFileReference; fileEncoding = 4; lastKnownFileType = sourcecode.swift; path = WSTrainListViewController.swift; sourceTree = "<group>"; };
		545F72D41EEE6DF4005A122B /* WSTrainListViewController.xib */ = {isa = PBXFileReference; fileEncoding = 4; lastKnownFileType = file.xib; path = WSTrainListViewController.xib; sourceTree = "<group>"; };
		545F72D91EEE6E24005A122B /* WSTrainListHeaderView.swift */ = {isa = PBXFileReference; fileEncoding = 4; lastKnownFileType = sourcecode.swift; path = WSTrainListHeaderView.swift; sourceTree = "<group>"; };
		545F72DB1EEE7304005A122B /* WSTrainListHeaderView.xib */ = {isa = PBXFileReference; fileEncoding = 4; lastKnownFileType = file.xib; path = WSTrainListHeaderView.xib; sourceTree = "<group>"; };
		545F72DD1EEE9237005A122B /* WSTrainListCell.swift */ = {isa = PBXFileReference; fileEncoding = 4; lastKnownFileType = sourcecode.swift; path = WSTrainListCell.swift; sourceTree = "<group>"; };
		545F72DE1EEE9237005A122B /* WSTrainListCell.xib */ = {isa = PBXFileReference; fileEncoding = 4; lastKnownFileType = file.xib; path = WSTrainListCell.xib; sourceTree = "<group>"; };
		545F72E21EEE9B5F005A122B /* WSTrainListModule.swift */ = {isa = PBXFileReference; fileEncoding = 4; lastKnownFileType = sourcecode.swift; path = WSTrainListModule.swift; sourceTree = "<group>"; };
		549D72C61EF0D6E70033F6A1 /* WSService+QueryTicket.swift */ = {isa = PBXFileReference; fileEncoding = 4; lastKnownFileType = sourcecode.swift; path = "WSService+QueryTicket.swift"; sourceTree = "<group>"; };
		549D72C81EF0D7910033F6A1 /* WSLeftTicketParam.swift */ = {isa = PBXFileReference; fileEncoding = 4; lastKnownFileType = sourcecode.swift; path = WSLeftTicketParam.swift; sourceTree = "<group>"; };
		549D72CA1EF0D89C0033F6A1 /* WSQueryLeftNewDTO.swift */ = {isa = PBXFileReference; fileEncoding = 4; lastKnownFileType = sourcecode.swift; path = WSQueryLeftNewDTO.swift; sourceTree = "<group>"; };
		549D72CD1EF0DA6C0033F6A1 /* WSTicketConstants.swift */ = {isa = PBXFileReference; fileEncoding = 4; lastKnownFileType = sourcecode.swift; path = WSTicketConstants.swift; sourceTree = "<group>"; };
		54B332191DC6249400796927 /* WSLoginRandomCodeView.swift */ = {isa = PBXFileReference; fileEncoding = 4; lastKnownFileType = sourcecode.swift; path = WSLoginRandomCodeView.swift; sourceTree = "<group>"; };
		54B3321B1DC627DB00796927 /* WSPassCoverView.swift */ = {isa = PBXFileReference; fileEncoding = 4; lastKnownFileType = sourcecode.swift; path = WSPassCoverView.swift; sourceTree = "<group>"; };
		54D5750F1E59DBD500FA0E7C /* SwiftyRegex.swift */ = {isa = PBXFileReference; fileEncoding = 4; lastKnownFileType = sourcecode.swift; path = SwiftyRegex.swift; sourceTree = "<group>"; };
		7C0BED7311D0D7C7883A25D1 /* Pods-12306foriPhone.release.xcconfig */ = {isa = PBXFileReference; includeInIndex = 1; lastKnownFileType = text.xcconfig; name = "Pods-12306foriPhone.release.xcconfig"; path = "Pods/Target Support Files/Pods-12306foriPhone/Pods-12306foriPhone.release.xcconfig"; sourceTree = "<group>"; };
		F636753D1B88E84D44EEF507 /* Pods_12306foriPhone.framework */ = {isa = PBXFileReference; explicitFileType = wrapper.framework; includeInIndex = 0; path = Pods_12306foriPhone.framework; sourceTree = BUILT_PRODUCTS_DIR; };
/* End PBXFileReference section */

/* Begin PBXFrameworksBuildPhase section */
		543E485C1DBCF5C900AB9D08 /* Frameworks */ = {
			isa = PBXFrameworksBuildPhase;
			buildActionMask = 2147483647;
			files = (
				20C30703EC783338271F318E /* Pods_12306foriPhone.framework in Frameworks */,
			);
			runOnlyForDeploymentPostprocessing = 0;
		};
/* End PBXFrameworksBuildPhase section */

/* Begin PBXGroup section */
		472A1DFBE85672CD46A1461F /* Pods */ = {
			isa = PBXGroup;
			children = (
				0FA04F8C4CA218F18B06F365 /* Pods-12306foriPhone.debug.xcconfig */,
				7C0BED7311D0D7C7883A25D1 /* Pods-12306foriPhone.release.xcconfig */,
			);
			name = Pods;
			sourceTree = "<group>";
		};
		542675231EEBEE0100C2689F /* WSCalendar */ = {
			isa = PBXGroup;
			children = (
				542675241EEBEE0100C2689F /* WSCalendarCollectionLayout.swift */,
				542675251EEBEE0100C2689F /* WSCalendarConfig.swift */,
				542675261EEBEE0100C2689F /* WSCalendarDate.swift */,
				542675271EEBEE0100C2689F /* WSCalendarItem.swift */,
				542675281EEBEE0100C2689F /* WSCalendarTool.swift */,
				542675291EEBEE0100C2689F /* WSCalendarView.swift */,
				5426752A1EEBEE0100C2689F /* WSCalendarViewModule.swift */,
			);
			path = WSCalendar;
			sourceTree = "<group>";
		};
		543B43591ED53BD400230567 /* calendar */ = {
			isa = PBXGroup;
			children = (
				543B43611ED56C0700230567 /* view */,
				543B43601ED56C0000230567 /* controller */,
			);
			name = calendar;
			sourceTree = "<group>";
		};
		543B43601ED56C0000230567 /* controller */ = {
			isa = PBXGroup;
			children = (
				543B435A1ED53BEE00230567 /* WSCalendarViewController.swift */,
				543B435B1ED53BEE00230567 /* WSCalendarViewController.xib */,
			);
			name = controller;
			sourceTree = "<group>";
		};
		543B43611ED56C0700230567 /* view */ = {
			isa = PBXGroup;
			children = (
				543B435E1ED5689B00230567 /* WSCalendarHeaderView.swift */,
				543B43621ED56C3500230567 /* WSCalendarHeaderCell.swift */,
				543B43631ED56C3500230567 /* WSCalendarHeaderCell.xib */,
				5451D10F1ED6B57600725F27 /* WSCalendarHeaderLayout.swift */,
			);
			name = view;
			sourceTree = "<group>";
		};
		543E48561DBCF5C900AB9D08 = {
			isa = PBXGroup;
			children = (
				543E48611DBCF5C900AB9D08 /* 12306foriPhone */,
				543E488B1DBCF66B00AB9D08 /* productFile */,
				543E48601DBCF5C900AB9D08 /* Products */,
				472A1DFBE85672CD46A1461F /* Pods */,
				A471CCDFF1142B1427B4EFF5 /* Frameworks */,
			);
			sourceTree = "<group>";
		};
		543E48601DBCF5C900AB9D08 /* Products */ = {
			isa = PBXGroup;
			children = (
				543E485F1DBCF5C900AB9D08 /* 12306foriPhone.app */,
			);
			name = Products;
			sourceTree = "<group>";
		};
		543E48611DBCF5C900AB9D08 /* 12306foriPhone */ = {
			isa = PBXGroup;
			children = (
				54D5750E1E59DBBD00FA0E7C /* utilities */,
				543E48861DBCF64700AB9D08 /* service */,
				543E48831DBCF62400AB9D08 /* order */,
				543E48801DBCF61300AB9D08 /* ticket */,
				543E48791DBCF5FA00AB9D08 /* login */,
				543E48741DBCF5E400AB9D08 /* main */,
				5442F8FC1ECEED6C00D236D0 /* Resources */,
			);
			path = 12306foriPhone;
			sourceTree = "<group>";
		};
		543E48741DBCF5E400AB9D08 /* main */ = {
			isa = PBXGroup;
			children = (
				543E48621DBCF5C900AB9D08 /* AppDelegate.swift */,
				543E48841DBCF64400AB9D08 /* WSNavigationController.swift */,
				543E48761DBCF5F500AB9D08 /* WSTabBarController.swift */,
			);
			name = main;
			sourceTree = "<group>";
		};
		543E48791DBCF5FA00AB9D08 /* login */ = {
			isa = PBXGroup;
			children = (
				5442F8F31ECDA38800D236D0 /* module */,
				54B332181DC6243200796927 /* controller */,
				54B332171DC6242B00796927 /* tool */,
				54B332161DC6242600796927 /* view */,
			);
			name = login;
			sourceTree = "<group>";
		};
		543E48801DBCF61300AB9D08 /* ticket */ = {
			isa = PBXGroup;
			children = (
				545F72D21EEE6DCC005A122B /* trainList */,
				543B43591ED53BD400230567 /* calendar */,
				5442F95A1ED2DEE600D236D0 /* station */,
				5442F9591ED2DEB000D236D0 /* grapTicked */,
			);
			name = ticket;
			sourceTree = "<group>";
		};
		543E48831DBCF62400AB9D08 /* order */ = {
			isa = PBXGroup;
			children = (
				543E48751DBCF5F500AB9D08 /* WSOrderController.swift */,
			);
			name = order;
			sourceTree = "<group>";
		};
		543E48861DBCF64700AB9D08 /* service */ = {
			isa = PBXGroup;
			children = (
				543E48871DBCF65900AB9D08 /* WSService.swift */,
				543E48881DBCF65900AB9D08 /* WSService+login.swift */,
				5442F8F81ECDAE1000D236D0 /* WSService+Order.swift */,
				5442F8F11ECD80F900D236D0 /* WSServiceError.swift */,
				549D72C61EF0D6E70033F6A1 /* WSService+QueryTicket.swift */,
			);
			name = service;
			sourceTree = "<group>";
		};
		543E488B1DBCF66B00AB9D08 /* productFile */ = {
			isa = PBXGroup;
			children = (
				543E488C1DBCF67C00AB9D08 /* srca.cer */,
				543E48691DBCF5C900AB9D08 /* Assets.xcassets */,
				543E486B1DBCF5C900AB9D08 /* LaunchScreen.storyboard */,
				543E486E1DBCF5C900AB9D08 /* Info.plist */,
			);
			name = productFile;
			path = 12306foriPhone;
			sourceTree = "<group>";
		};
		5442F8F31ECDA38800D236D0 /* module */ = {
			isa = PBXGroup;
			children = (
				5442F8F41ECDA3A400D236D0 /* WSUserModule.swift */,
				5442F8F61ECDABAD00D236D0 /* WSPassengerDTO.swift */,
			);
			name = module;
			sourceTree = "<group>";
		};
		5442F8FC1ECEED6C00D236D0 /* Resources */ = {
			isa = PBXGroup;
			children = (
				542675231EEBEE0100C2689F /* WSCalendar */,
				5442F9541ED2D8F100D236D0 /* StationInfo */,
				5442F8FD1ECEEDAF00D236D0 /* NVActivityIndicatorView */,
			);
			name = Resources;
			sourceTree = "<group>";
		};
		5442F8FD1ECEEDAF00D236D0 /* NVActivityIndicatorView */ = {
			isa = PBXGroup;
			children = (
				5442F94D1ECEF19F00D236D0 /* other */,
				5442F8FE1ECEEDAF00D236D0 /* Animations */,
			);
			path = NVActivityIndicatorView;
			sourceTree = "<group>";
		};
		5442F8FE1ECEEDAF00D236D0 /* Animations */ = {
			isa = PBXGroup;
			children = (
				5442F8FF1ECEEDAF00D236D0 /* NVActivityIndicatorAnimationAudioEqualizer.swift */,
				5442F9001ECEEDAF00D236D0 /* NVActivityIndicatorAnimationBallBeat.swift */,
				5442F9011ECEEDAF00D236D0 /* NVActivityIndicatorAnimationBallClipRotate.swift */,
				5442F9021ECEEDAF00D236D0 /* NVActivityIndicatorAnimationBallClipRotateMultiple.swift */,
				5442F9031ECEEDAF00D236D0 /* NVActivityIndicatorAnimationBallClipRotatePulse.swift */,
				5442F9041ECEEDAF00D236D0 /* NVActivityIndicatorAnimationBallGridBeat.swift */,
				5442F9051ECEEDAF00D236D0 /* NVActivityIndicatorAnimationBallGridPulse.swift */,
				5442F9061ECEEDAF00D236D0 /* NVActivityIndicatorAnimationBallPulse.swift */,
				5442F9071ECEEDAF00D236D0 /* NVActivityIndicatorAnimationBallPulseRise.swift */,
				5442F9081ECEEDAF00D236D0 /* NVActivityIndicatorAnimationBallPulseSync.swift */,
				5442F9091ECEEDAF00D236D0 /* NVActivityIndicatorAnimationBallRotate.swift */,
				5442F90A1ECEEDAF00D236D0 /* NVActivityIndicatorAnimationBallRotateChase.swift */,
				5442F90B1ECEEDAF00D236D0 /* NVActivityIndicatorAnimationBallScale.swift */,
				5442F90C1ECEEDAF00D236D0 /* NVActivityIndicatorAnimationBallScaleMultiple.swift */,
				5442F90D1ECEEDAF00D236D0 /* NVActivityIndicatorAnimationBallScaleRipple.swift */,
				5442F90E1ECEEDAF00D236D0 /* NVActivityIndicatorAnimationBallScaleRippleMultiple.swift */,
				5442F90F1ECEEDAF00D236D0 /* NVActivityIndicatorAnimationBallSpinFadeLoader.swift */,
				5442F9101ECEEDAF00D236D0 /* NVActivityIndicatorAnimationBallTrianglePath.swift */,
				5442F9111ECEEDAF00D236D0 /* NVActivityIndicatorAnimationBallZigZag.swift */,
				5442F9121ECEEDAF00D236D0 /* NVActivityIndicatorAnimationBallZigZagDeflect.swift */,
				5442F9131ECEEDAF00D236D0 /* NVActivityIndicatorAnimationBlank.swift */,
				5442F9141ECEEDAF00D236D0 /* NVActivityIndicatorAnimationCubeTransition.swift */,
				5442F9151ECEEDAF00D236D0 /* NVActivityIndicatorAnimationLineScale.swift */,
				5442F9161ECEEDAF00D236D0 /* NVActivityIndicatorAnimationLineScaleParty.swift */,
				5442F9171ECEEDAF00D236D0 /* NVActivityIndicatorAnimationLineScalePulseOut.swift */,
				5442F9181ECEEDAF00D236D0 /* NVActivityIndicatorAnimationLineScalePulseOutRapid.swift */,
				5442F9191ECEEDAF00D236D0 /* NVActivityIndicatorAnimationLineSpinFadeLoader.swift */,
				5442F91A1ECEEDAF00D236D0 /* NVActivityIndicatorAnimationOrbit.swift */,
				5442F91B1ECEEDAF00D236D0 /* NVActivityIndicatorAnimationPacman.swift */,
				5442F91C1ECEEDAF00D236D0 /* NVActivityIndicatorAnimationSemiCircleSpin.swift */,
				5442F91D1ECEEDAF00D236D0 /* NVActivityIndicatorAnimationSquareSpin.swift */,
				5442F91E1ECEEDAF00D236D0 /* NVActivityIndicatorAnimationTriangleSkewSpin.swift */,
			);
			path = Animations;
			sourceTree = "<group>";
		};
		5442F94D1ECEF19F00D236D0 /* other */ = {
			isa = PBXGroup;
			children = (
				5442F9201ECEEDAF00D236D0 /* NVActivityIndicatorAnimationDelegate.swift */,
				5442F9211ECEEDAF00D236D0 /* NVActivityIndicatorPresenter.swift */,
				5442F9221ECEEDAF00D236D0 /* NVActivityIndicatorShape.swift */,
				5442F9231ECEEDAF00D236D0 /* NVActivityIndicatorView.h */,
				5442F9241ECEEDAF00D236D0 /* NVActivityIndicatorView.swift */,
				5442F9251ECEEDAF00D236D0 /* NVActivityIndicatorViewable.swift */,
			);
			name = other;
			sourceTree = "<group>";
		};
		5442F9541ED2D8F100D236D0 /* StationInfo */ = {
			isa = PBXGroup;
			children = (
				5442F9571ED2D93100D236D0 /* WSStation.swift */,
				5442F9551ED2D90700D236D0 /* station_name.js */,
			);
			name = StationInfo;
			sourceTree = "<group>";
		};
		5442F9591ED2DEB000D236D0 /* grapTicked */ = {
			isa = PBXGroup;
			children = (
				5442F9501ED2D28400D236D0 /* WSGrapTicketontroller.swift */,
				5442F9511ED2D28400D236D0 /* WSGrapTicketontroller.xib */,
			);
			name = grapTicked;
			sourceTree = "<group>";
		};
		5442F95A1ED2DEE600D236D0 /* station */ = {
			isa = PBXGroup;
			children = (
				5442F95B1ED2DF7A00D236D0 /* WSStationController.swift */,
				543B43571ED4111600230567 /* WSSearchStationController.swift */,
			);
			name = station;
			sourceTree = "<group>";
		};
		545F72D21EEE6DCC005A122B /* trainList */ = {
			isa = PBXGroup;
			children = (
				545F72E11EEE9B3F005A122B /* module */,
				545F72D81EEE6E0F005A122B /* view */,
				545F72D71EEE6E00005A122B /* controller */,
			);
			name = trainList;
			sourceTree = "<group>";
		};
		545F72D71EEE6E00005A122B /* controller */ = {
			isa = PBXGroup;
			children = (
				545F72D31EEE6DF4005A122B /* WSTrainListViewController.swift */,
				545F72D41EEE6DF4005A122B /* WSTrainListViewController.xib */,
			);
			name = controller;
			sourceTree = "<group>";
		};
		545F72D81EEE6E0F005A122B /* view */ = {
			isa = PBXGroup;
			children = (
				545F72D91EEE6E24005A122B /* WSTrainListHeaderView.swift */,
				545F72DB1EEE7304005A122B /* WSTrainListHeaderView.xib */,
				545F72DD1EEE9237005A122B /* WSTrainListCell.swift */,
				545F72DE1EEE9237005A122B /* WSTrainListCell.xib */,
				5405358B1EFBC295001653E8 /* WSTrainSeatAlert.swift */,
			);
			name = view;
			sourceTree = "<group>";
		};
		545F72E11EEE9B3F005A122B /* module */ = {
			isa = PBXGroup;
			children = (
				549D72CC1EF0DA4C0033F6A1 /* params */,
				545F72E21EEE9B5F005A122B /* WSTrainListModule.swift */,
				549D72CA1EF0D89C0033F6A1 /* WSQueryLeftNewDTO.swift */,
				549D72CD1EF0DA6C0033F6A1 /* WSTicketConstants.swift */,
			);
			name = module;
			sourceTree = "<group>";
		};
		549D72CC1EF0DA4C0033F6A1 /* params */ = {
			isa = PBXGroup;
			children = (
				549D72C81EF0D7910033F6A1 /* WSLeftTicketParam.swift */,
			);
			name = params;
			sourceTree = "<group>";
		};
		54B332161DC6242600796927 /* view */ = {
			isa = PBXGroup;
			children = (
				54B3321B1DC627DB00796927 /* WSPassCoverView.swift */,
				54B332191DC6249400796927 /* WSLoginRandomCodeView.swift */,
			);
			name = view;
			sourceTree = "<group>";
		};
		54B332171DC6242B00796927 /* tool */ = {
			isa = PBXGroup;
			children = (
				543E487A1DBCF60A00AB9D08 /* WSLogin.swift */,
			);
			name = tool;
			sourceTree = "<group>";
		};
		54B332181DC6243200796927 /* controller */ = {
			isa = PBXGroup;
			children = (
				543E487B1DBCF60A00AB9D08 /* WSLoginController.swift */,
				543E487C1DBCF60A00AB9D08 /* WSLoginController.xib */,
			);
			name = controller;
			sourceTree = "<group>";
		};
		54D5750E1E59DBBD00FA0E7C /* utilities */ = {
			isa = PBXGroup;
			children = (
				54D5750F1E59DBD500FA0E7C /* SwiftyRegex.swift */,
				5442F8FA1ECE9E9800D236D0 /* WSHub.swift */,
				5442F94E1ED2B9E200D236D0 /* WSConfig.swift */,
				543B6A8A1EF1199600E412D7 /* WSDateTool.swift */,
				540535821EFBB825001653E8 /* UILabel+WSScaleLabel.h */,
				540535831EFBB825001653E8 /* UILabel+WSScaleLabel.m */,
				540535881EFBBC87001653E8 /* UIButton+WSScaleButton.h */,
				540535891EFBBC87001653E8 /* UIButton+WSScaleButton.m */,
				540535811EFBB824001653E8 /* 12306foriPhone-Bridging-Header.h */,
			);
			name = utilities;
			sourceTree = "<group>";
		};
		A471CCDFF1142B1427B4EFF5 /* Frameworks */ = {
			isa = PBXGroup;
			children = (
				F636753D1B88E84D44EEF507 /* Pods_12306foriPhone.framework */,
			);
			name = Frameworks;
			sourceTree = "<group>";
		};
/* End PBXGroup section */

/* Begin PBXNativeTarget section */
		543E485E1DBCF5C900AB9D08 /* 12306foriPhone */ = {
			isa = PBXNativeTarget;
			buildConfigurationList = 543E48711DBCF5C900AB9D08 /* Build configuration list for PBXNativeTarget "12306foriPhone" */;
			buildPhases = (
				081250C94A6B0E7D3497C519 /* [CP] Check Pods Manifest.lock */,
				543E485B1DBCF5C900AB9D08 /* Sources */,
				543E485C1DBCF5C900AB9D08 /* Frameworks */,
				543E485D1DBCF5C900AB9D08 /* Resources */,
				86853E2B144E2D1E673857F7 /* [CP] Embed Pods Frameworks */,
				9802FFBAD4452CCA69002E90 /* [CP] Copy Pods Resources */,
			);
			buildRules = (
			);
			dependencies = (
			);
			name = 12306foriPhone;
			productName = 12306foriPhone;
			productReference = 543E485F1DBCF5C900AB9D08 /* 12306foriPhone.app */;
			productType = "com.apple.product-type.application";
		};
/* End PBXNativeTarget section */

/* Begin PBXProject section */
		543E48571DBCF5C900AB9D08 /* Project object */ = {
			isa = PBXProject;
			attributes = {
				CLASSPREFIX = WS;
				LastSwiftUpdateCheck = 0800;
				LastUpgradeCheck = 0800;
				ORGANIZATIONNAME = WS;
				TargetAttributes = {
					543E485E1DBCF5C900AB9D08 = {
						CreatedOnToolsVersion = 8.0;
						DevelopmentTeam = NT9VR9C9HY;
						LastSwiftMigration = 0830;
						ProvisioningStyle = Automatic;
					};
				};
			};
			buildConfigurationList = 543E485A1DBCF5C900AB9D08 /* Build configuration list for PBXProject "12306foriPhone" */;
			compatibilityVersion = "Xcode 3.2";
			developmentRegion = English;
			hasScannedForEncodings = 0;
			knownRegions = (
				en,
				Base,
			);
			mainGroup = 543E48561DBCF5C900AB9D08;
			productRefGroup = 543E48601DBCF5C900AB9D08 /* Products */;
			projectDirPath = "";
			projectRoot = "";
			targets = (
				543E485E1DBCF5C900AB9D08 /* 12306foriPhone */,
			);
		};
/* End PBXProject section */

/* Begin PBXResourcesBuildPhase section */
		543E485D1DBCF5C900AB9D08 /* Resources */ = {
			isa = PBXResourcesBuildPhase;
			buildActionMask = 2147483647;
			files = (
				5442F9531ED2D28400D236D0 /* WSGrapTicketontroller.xib in Resources */,
				543B435D1ED53BEE00230567 /* WSCalendarViewController.xib in Resources */,
				545F72DC1EEE7304005A122B /* WSTrainListHeaderView.xib in Resources */,
				543E486D1DBCF5C900AB9D08 /* LaunchScreen.storyboard in Resources */,
				543E488D1DBCF67C00AB9D08 /* srca.cer in Resources */,
				543E487F1DBCF60A00AB9D08 /* WSLoginController.xib in Resources */,
				5442F9561ED2D90700D236D0 /* station_name.js in Resources */,
				543B43651ED56C3500230567 /* WSCalendarHeaderCell.xib in Resources */,
				543E486A1DBCF5C900AB9D08 /* Assets.xcassets in Resources */,
				545F72E01EEE9237005A122B /* WSTrainListCell.xib in Resources */,
				545F72D61EEE6DF4005A122B /* WSTrainListViewController.xib in Resources */,
			);
			runOnlyForDeploymentPostprocessing = 0;
		};
/* End PBXResourcesBuildPhase section */

/* Begin PBXShellScriptBuildPhase section */
		081250C94A6B0E7D3497C519 /* [CP] Check Pods Manifest.lock */ = {
			isa = PBXShellScriptBuildPhase;
			buildActionMask = 2147483647;
			files = (
			);
			inputPaths = (
			);
			name = "[CP] Check Pods Manifest.lock";
			outputPaths = (
			);
			runOnlyForDeploymentPostprocessing = 0;
			shellPath = /bin/sh;
			shellScript = "diff \"${PODS_PODFILE_DIR_PATH}/Podfile.lock\" \"${PODS_ROOT}/Manifest.lock\" > /dev/null\nif [ $? != 0 ] ; then\n    # print error to STDERR\n    echo \"error: The sandbox is not in sync with the Podfile.lock. Run 'pod install' or update your CocoaPods installation.\" >&2\n    exit 1\nfi\n";
			showEnvVarsInLog = 0;
		};
		86853E2B144E2D1E673857F7 /* [CP] Embed Pods Frameworks */ = {
			isa = PBXShellScriptBuildPhase;
			buildActionMask = 2147483647;
			files = (
			);
			inputPaths = (
			);
			name = "[CP] Embed Pods Frameworks";
			outputPaths = (
			);
			runOnlyForDeploymentPostprocessing = 0;
			shellPath = /bin/sh;
			shellScript = "\"${SRCROOT}/Pods/Target Support Files/Pods-12306foriPhone/Pods-12306foriPhone-frameworks.sh\"\n";
			showEnvVarsInLog = 0;
		};
		9802FFBAD4452CCA69002E90 /* [CP] Copy Pods Resources */ = {
			isa = PBXShellScriptBuildPhase;
			buildActionMask = 2147483647;
			files = (
			);
			inputPaths = (
			);
			name = "[CP] Copy Pods Resources";
			outputPaths = (
			);
			runOnlyForDeploymentPostprocessing = 0;
			shellPath = /bin/sh;
			shellScript = "\"${SRCROOT}/Pods/Target Support Files/Pods-12306foriPhone/Pods-12306foriPhone-resources.sh\"\n";
			showEnvVarsInLog = 0;
		};
/* End PBXShellScriptBuildPhase section */

/* Begin PBXSourcesBuildPhase section */
		543E485B1DBCF5C900AB9D08 /* Sources */ = {
			isa = PBXSourcesBuildPhase;
			buildActionMask = 2147483647;
			files = (
				543B43581ED4111600230567 /* WSSearchStationController.swift in Sources */,
				549D72CE1EF0DA6D0033F6A1 /* WSTicketConstants.swift in Sources */,
				5426752B1EEBEE0100C2689F /* WSCalendarCollectionLayout.swift in Sources */,
				5442F9481ECEEDAF00D236D0 /* NVActivityIndicatorPresenter.swift in Sources */,
				5442F9441ECEEDAF00D236D0 /* NVActivityIndicatorAnimationSquareSpin.swift in Sources */,
				54B3321C1DC627DB00796927 /* WSPassCoverView.swift in Sources */,
				5442F92D1ECEEDAF00D236D0 /* NVActivityIndicatorAnimationBallPulse.swift in Sources */,
				543E488A1DBCF65900AB9D08 /* WSService+login.swift in Sources */,
				543B435C1ED53BEE00230567 /* WSCalendarViewController.swift in Sources */,
				5442F9311ECEEDAF00D236D0 /* NVActivityIndicatorAnimationBallRotateChase.swift in Sources */,
				5442F95C1ED2DF7A00D236D0 /* WSStationController.swift in Sources */,
				543B435F1ED5689B00230567 /* WSCalendarHeaderView.swift in Sources */,
				5426752C1EEBEE0100C2689F /* WSCalendarConfig.swift in Sources */,
				5426752E1EEBEE0100C2689F /* WSCalendarItem.swift in Sources */,
				5442F8F91ECDAE1000D236D0 /* WSService+Order.swift in Sources */,
				5426752D1EEBEE0100C2689F /* WSCalendarDate.swift in Sources */,
				5442F8F51ECDA3A400D236D0 /* WSUserModule.swift in Sources */,
				5442F94A1ECEEDAF00D236D0 /* NVActivityIndicatorView.swift in Sources */,
				545F72DA1EEE6E24005A122B /* WSTrainListHeaderView.swift in Sources */,
				543E48851DBCF64400AB9D08 /* WSNavigationController.swift in Sources */,
				5442F9261ECEEDAF00D236D0 /* NVActivityIndicatorAnimationAudioEqualizer.swift in Sources */,
				5442F9351ECEEDAF00D236D0 /* NVActivityIndicatorAnimationBallScaleRippleMultiple.swift in Sources */,
				5405358A1EFBBC87001653E8 /* UIButton+WSScaleButton.m in Sources */,
				54B3321A1DC6249400796927 /* WSLoginRandomCodeView.swift in Sources */,
				5442F9341ECEEDAF00D236D0 /* NVActivityIndicatorAnimationBallScaleRipple.swift in Sources */,
				5442F93E1ECEEDAF00D236D0 /* NVActivityIndicatorAnimationLineScalePulseOut.swift in Sources */,
				549D72C71EF0D6E70033F6A1 /* WSService+QueryTicket.swift in Sources */,
				5442F9281ECEEDAF00D236D0 /* NVActivityIndicatorAnimationBallClipRotate.swift in Sources */,
				5442F93C1ECEEDAF00D236D0 /* NVActivityIndicatorAnimationLineScale.swift in Sources */,
				5442F9401ECEEDAF00D236D0 /* NVActivityIndicatorAnimationLineSpinFadeLoader.swift in Sources */,
				542675301EEBEE0100C2689F /* WSCalendarView.swift in Sources */,
				5451D1101ED6B57600725F27 /* WSCalendarHeaderLayout.swift in Sources */,
				543E48771DBCF5F500AB9D08 /* WSOrderController.swift in Sources */,
				5442F9291ECEEDAF00D236D0 /* NVActivityIndicatorAnimationBallClipRotateMultiple.swift in Sources */,
				5442F9421ECEEDAF00D236D0 /* NVActivityIndicatorAnimationPacman.swift in Sources */,
				5442F9491ECEEDAF00D236D0 /* NVActivityIndicatorShape.swift in Sources */,
				5442F9521ED2D28400D236D0 /* WSGrapTicketontroller.swift in Sources */,
				540535841EFBB825001653E8 /* UILabel+WSScaleLabel.m in Sources */,
				54D575101E59DBD500FA0E7C /* SwiftyRegex.swift in Sources */,
				5442F9361ECEEDAF00D236D0 /* NVActivityIndicatorAnimationBallSpinFadeLoader.swift in Sources */,
				549D72C91EF0D7910033F6A1 /* WSLeftTicketParam.swift in Sources */,
				549D72CB1EF0D89C0033F6A1 /* WSQueryLeftNewDTO.swift in Sources */,
				545F72D51EEE6DF4005A122B /* WSTrainListViewController.swift in Sources */,
				543B43641ED56C3500230567 /* WSCalendarHeaderCell.swift in Sources */,
				5442F92B1ECEEDAF00D236D0 /* NVActivityIndicatorAnimationBallGridBeat.swift in Sources */,
				5442F9471ECEEDAF00D236D0 /* NVActivityIndicatorAnimationDelegate.swift in Sources */,
				5442F9391ECEEDAF00D236D0 /* NVActivityIndicatorAnimationBallZigZagDeflect.swift in Sources */,
				5442F8F71ECDABAD00D236D0 /* WSPassengerDTO.swift in Sources */,
				5442F9321ECEEDAF00D236D0 /* NVActivityIndicatorAnimationBallScale.swift in Sources */,
				5442F9451ECEEDAF00D236D0 /* NVActivityIndicatorAnimationTriangleSkewSpin.swift in Sources */,
				5442F8F21ECD80F900D236D0 /* WSServiceError.swift in Sources */,
				5442F93F1ECEEDAF00D236D0 /* NVActivityIndicatorAnimationLineScalePulseOutRapid.swift in Sources */,
				543E487E1DBCF60A00AB9D08 /* WSLoginController.swift in Sources */,
				5442F9331ECEEDAF00D236D0 /* NVActivityIndicatorAnimationBallScaleMultiple.swift in Sources */,
				5442F94B1ECEEDAF00D236D0 /* NVActivityIndicatorViewable.swift in Sources */,
				5442F94F1ED2B9E200D236D0 /* WSConfig.swift in Sources */,
				543E48781DBCF5F500AB9D08 /* WSTabBarController.swift in Sources */,
				5442F9381ECEEDAF00D236D0 /* NVActivityIndicatorAnimationBallZigZag.swift in Sources */,
				5442F9431ECEEDAF00D236D0 /* NVActivityIndicatorAnimationSemiCircleSpin.swift in Sources */,
				542675311EEBEE0100C2689F /* WSCalendarViewModule.swift in Sources */,
				543E48891DBCF65900AB9D08 /* WSService.swift in Sources */,
				5426752F1EEBEE0100C2689F /* WSCalendarTool.swift in Sources */,
				5442F92C1ECEEDAF00D236D0 /* NVActivityIndicatorAnimationBallGridPulse.swift in Sources */,
				5405358C1EFBC295001653E8 /* WSTrainSeatAlert.swift in Sources */,
				5442F92F1ECEEDAF00D236D0 /* NVActivityIndicatorAnimationBallPulseSync.swift in Sources */,
				5442F9271ECEEDAF00D236D0 /* NVActivityIndicatorAnimationBallBeat.swift in Sources */,
				543E48631DBCF5C900AB9D08 /* AppDelegate.swift in Sources */,
				545F72DF1EEE9237005A122B /* WSTrainListCell.swift in Sources */,
				5442F9301ECEEDAF00D236D0 /* NVActivityIndicatorAnimationBallRotate.swift in Sources */,
				5442F92A1ECEEDAF00D236D0 /* NVActivityIndicatorAnimationBallClipRotatePulse.swift in Sources */,
				5442F92E1ECEEDAF00D236D0 /* NVActivityIndicatorAnimationBallPulseRise.swift in Sources */,
				5442F93A1ECEEDAF00D236D0 /* NVActivityIndicatorAnimationBlank.swift in Sources */,
				545F72E31EEE9B5F005A122B /* WSTrainListModule.swift in Sources */,
				5442F93B1ECEEDAF00D236D0 /* NVActivityIndicatorAnimationCubeTransition.swift in Sources */,
				5442F9411ECEEDAF00D236D0 /* NVActivityIndicatorAnimationOrbit.swift in Sources */,
				5442F9371ECEEDAF00D236D0 /* NVActivityIndicatorAnimationBallTrianglePath.swift in Sources */,
				543B6A8B1EF1199600E412D7 /* WSDateTool.swift in Sources */,
				5442F8FB1ECE9E9800D236D0 /* WSHub.swift in Sources */,
				543E487D1DBCF60A00AB9D08 /* WSLogin.swift in Sources */,
				5442F9581ED2D93100D236D0 /* WSStation.swift in Sources */,
				5442F93D1ECEEDAF00D236D0 /* NVActivityIndicatorAnimationLineScaleParty.swift in Sources */,
			);
			runOnlyForDeploymentPostprocessing = 0;
		};
/* End PBXSourcesBuildPhase section */

/* Begin PBXVariantGroup section */
		543E486B1DBCF5C900AB9D08 /* LaunchScreen.storyboard */ = {
			isa = PBXVariantGroup;
			children = (
				543E486C1DBCF5C900AB9D08 /* Base */,
			);
			name = LaunchScreen.storyboard;
			sourceTree = "<group>";
		};
/* End PBXVariantGroup section */

/* Begin XCBuildConfiguration section */
		543E486F1DBCF5C900AB9D08 /* Debug */ = {
			isa = XCBuildConfiguration;
			buildSettings = {
				ALWAYS_SEARCH_USER_PATHS = NO;
				CLANG_ANALYZER_NONNULL = YES;
				CLANG_CXX_LANGUAGE_STANDARD = "gnu++0x";
				CLANG_CXX_LIBRARY = "libc++";
				CLANG_ENABLE_MODULES = YES;
				CLANG_ENABLE_OBJC_ARC = YES;
				CLANG_WARN_BOOL_CONVERSION = YES;
				CLANG_WARN_CONSTANT_CONVERSION = YES;
				CLANG_WARN_DIRECT_OBJC_ISA_USAGE = YES_ERROR;
				CLANG_WARN_DOCUMENTATION_COMMENTS = YES;
				CLANG_WARN_EMPTY_BODY = YES;
				CLANG_WARN_ENUM_CONVERSION = YES;
				CLANG_WARN_INFINITE_RECURSION = YES;
				CLANG_WARN_INT_CONVERSION = YES;
				CLANG_WARN_OBJC_ROOT_CLASS = YES_ERROR;
				CLANG_WARN_SUSPICIOUS_MOVES = YES;
				CLANG_WARN_UNREACHABLE_CODE = YES;
				CLANG_WARN__DUPLICATE_METHOD_MATCH = YES;
				"CODE_SIGN_IDENTITY[sdk=iphoneos*]" = "iPhone Developer";
				COPY_PHASE_STRIP = NO;
				DEBUG_INFORMATION_FORMAT = dwarf;
				ENABLE_STRICT_OBJC_MSGSEND = YES;
				ENABLE_TESTABILITY = YES;
				GCC_C_LANGUAGE_STANDARD = gnu99;
				GCC_DYNAMIC_NO_PIC = NO;
				GCC_NO_COMMON_BLOCKS = YES;
				GCC_OPTIMIZATION_LEVEL = 0;
				GCC_PREPROCESSOR_DEFINITIONS = (
					"DEBUG=1",
					"$(inherited)",
				);
				GCC_WARN_64_TO_32_BIT_CONVERSION = YES;
				GCC_WARN_ABOUT_RETURN_TYPE = YES_ERROR;
				GCC_WARN_UNDECLARED_SELECTOR = YES;
				GCC_WARN_UNINITIALIZED_AUTOS = YES_AGGRESSIVE;
				GCC_WARN_UNUSED_FUNCTION = YES;
				GCC_WARN_UNUSED_VARIABLE = YES;
				IPHONEOS_DEPLOYMENT_TARGET = 10.0;
				MTL_ENABLE_DEBUG_INFO = YES;
				ONLY_ACTIVE_ARCH = YES;
				SDKROOT = iphoneos;
				SWIFT_ACTIVE_COMPILATION_CONDITIONS = DEBUG;
				SWIFT_OPTIMIZATION_LEVEL = "-Onone";
				TARGETED_DEVICE_FAMILY = "1,2";
			};
			name = Debug;
		};
		543E48701DBCF5C900AB9D08 /* Release */ = {
			isa = XCBuildConfiguration;
			buildSettings = {
				ALWAYS_SEARCH_USER_PATHS = NO;
				CLANG_ANALYZER_NONNULL = YES;
				CLANG_CXX_LANGUAGE_STANDARD = "gnu++0x";
				CLANG_CXX_LIBRARY = "libc++";
				CLANG_ENABLE_MODULES = YES;
				CLANG_ENABLE_OBJC_ARC = YES;
				CLANG_WARN_BOOL_CONVERSION = YES;
				CLANG_WARN_CONSTANT_CONVERSION = YES;
				CLANG_WARN_DIRECT_OBJC_ISA_USAGE = YES_ERROR;
				CLANG_WARN_DOCUMENTATION_COMMENTS = YES;
				CLANG_WARN_EMPTY_BODY = YES;
				CLANG_WARN_ENUM_CONVERSION = YES;
				CLANG_WARN_INFINITE_RECURSION = YES;
				CLANG_WARN_INT_CONVERSION = YES;
				CLANG_WARN_OBJC_ROOT_CLASS = YES_ERROR;
				CLANG_WARN_SUSPICIOUS_MOVES = YES;
				CLANG_WARN_UNREACHABLE_CODE = YES;
				CLANG_WARN__DUPLICATE_METHOD_MATCH = YES;
				"CODE_SIGN_IDENTITY[sdk=iphoneos*]" = "iPhone Developer";
				COPY_PHASE_STRIP = NO;
				DEBUG_INFORMATION_FORMAT = "dwarf-with-dsym";
				ENABLE_NS_ASSERTIONS = NO;
				ENABLE_STRICT_OBJC_MSGSEND = YES;
				GCC_C_LANGUAGE_STANDARD = gnu99;
				GCC_NO_COMMON_BLOCKS = YES;
				GCC_WARN_64_TO_32_BIT_CONVERSION = YES;
				GCC_WARN_ABOUT_RETURN_TYPE = YES_ERROR;
				GCC_WARN_UNDECLARED_SELECTOR = YES;
				GCC_WARN_UNINITIALIZED_AUTOS = YES_AGGRESSIVE;
				GCC_WARN_UNUSED_FUNCTION = YES;
				GCC_WARN_UNUSED_VARIABLE = YES;
				IPHONEOS_DEPLOYMENT_TARGET = 10.0;
				MTL_ENABLE_DEBUG_INFO = NO;
				SDKROOT = iphoneos;
				SWIFT_OPTIMIZATION_LEVEL = "-Owholemodule";
				TARGETED_DEVICE_FAMILY = "1,2";
				VALIDATE_PRODUCT = YES;
			};
			name = Release;
		};
		543E48721DBCF5C900AB9D08 /* Debug */ = {
			isa = XCBuildConfiguration;
			baseConfigurationReference = 0FA04F8C4CA218F18B06F365 /* Pods-12306foriPhone.debug.xcconfig */;
			buildSettings = {
				ALWAYS_EMBED_SWIFT_STANDARD_LIBRARIES = YES;
				ASSETCATALOG_COMPILER_APPICON_NAME = AppIcon;
				CLANG_ENABLE_MODULES = YES;
				DEVELOPMENT_TEAM = NT9VR9C9HY;
				INFOPLIST_FILE = 12306foriPhone/Info.plist;
				IPHONEOS_DEPLOYMENT_TARGET = 9.0;
				LD_RUNPATH_SEARCH_PATHS = "$(inherited) @executable_path/Frameworks";
				PRODUCT_BUNDLE_IDENTIFIER = WS.12306foriPhone;
				PRODUCT_NAME = "$(TARGET_NAME)";
				SWIFT_OBJC_BRIDGING_HEADER = "12306foriPhone/12306foriPhone-Bridging-Header.h";
				SWIFT_OPTIMIZATION_LEVEL = "-Onone";
				SWIFT_VERSION = 3.0;
				cc = "${SRCROOT}/ccache-clang";
			};
			name = Debug;
		};
		543E48731DBCF5C900AB9D08 /* Release */ = {
			isa = XCBuildConfiguration;
			baseConfigurationReference = 7C0BED7311D0D7C7883A25D1 /* Pods-12306foriPhone.release.xcconfig */;
			buildSettings = {
				ALWAYS_EMBED_SWIFT_STANDARD_LIBRARIES = YES;
				ASSETCATALOG_COMPILER_APPICON_NAME = AppIcon;
				CLANG_ENABLE_MODULES = YES;
				DEVELOPMENT_TEAM = NT9VR9C9HY;
				INFOPLIST_FILE = 12306foriPhone/Info.plist;
				IPHONEOS_DEPLOYMENT_TARGET = 9.0;
				LD_RUNPATH_SEARCH_PATHS = "$(inherited) @executable_path/Frameworks";
				PRODUCT_BUNDLE_IDENTIFIER = WS.12306foriPhone;
				PRODUCT_NAME = "$(TARGET_NAME)";
				SWIFT_OBJC_BRIDGING_HEADER = "12306foriPhone/12306foriPhone-Bridging-Header.h";
				SWIFT_VERSION = 3.0;
				cc = "${SRCROOT}/ccache-clang";
			};
			name = Release;
		};
/* End XCBuildConfiguration section */

/* Begin XCConfigurationList section */
		543E485A1DBCF5C900AB9D08 /* Build configuration list for PBXProject "12306foriPhone" */ = {
			isa = XCConfigurationList;
			buildConfigurations = (
				543E486F1DBCF5C900AB9D08 /* Debug */,
				543E48701DBCF5C900AB9D08 /* Release */,
			);
			defaultConfigurationIsVisible = 0;
			defaultConfigurationName = Release;
		};
		543E48711DBCF5C900AB9D08 /* Build configuration list for PBXNativeTarget "12306foriPhone" */ = {
			isa = XCConfigurationList;
			buildConfigurations = (
				543E48721DBCF5C900AB9D08 /* Debug */,
				543E48731DBCF5C900AB9D08 /* Release */,
			);
			defaultConfigurationIsVisible = 0;
			defaultConfigurationName = Release;
		};
/* End XCConfigurationList section */
	};
	rootObject = 543E48571DBCF5C900AB9D08 /* Project object */;
}
